
Microsoft Visual Studio Solution File, Format Version 12.00
# Visual Studio Version 17
VisualStudioVersion = 17.7.34031.279
MinimumVisualStudioVersion = 10.0.40219.1
Project("{8BC9CEB8-8B4A-11D0-8D11-00A0C91BC942}") = "OLYMPIC_STADIUM", "OLYMPIC_STADIUM.vcxproj", "{05171295-FE8D-49EC-9CE5-F35162B5443F}"
EndProject
Global
	GlobalSection(SolutionConfigurationPlatforms) = preSolution
		Debug|x64 = Debug|x64
		Debug|x86 = Debug|x86
		Release|x64 = Release|x64
		Release|x86 = Release|x86
	EndGlobalSection
	GlobalSection(ProjectConfigurationPlatforms) = postSolution
		{05171295-FE8D-49EC-9CE5-F35162B5443F}.Debug|x64.ActiveCfg = Debug|x64
		{05171295-FE8D-49EC-9CE5-F35162B5443F}.Debug|x64.Build.0 = Debug|x64
		{05171295-FE8D-49EC-9CE5-F35162B5443F}.Debug|x86.ActiveCfg = Debug|Win32
		{05171295-FE8D-49EC-9CE5-F35162B5443F}.Debug|x86.Build.0 = Debug|Win32
		{05171295-FE8D-49EC-9CE5-F35162B5443F}.Release|x64.ActiveCfg = Release|x64
		{05171295-FE8D-49EC-9CE5-F35162B5443F}.Release|x64.Build.0 = Release|x64
		{05171295-FE8D-49EC-9CE5-F35162B5443F}.Release|x86.ActiveCfg = Release|Win32
		{05171295-FE8D-49EC-9CE5-F35162B5443F}.Release|x86.Build.0 = Release|Win32
	EndGlobalSection
	GlobalSection(SolutionProperties) = preSolution
		HideSolutionNode = FALSE
	EndGlobalSection
	GlobalSection(ExtensibilityGlobals) = postSolution
		SolutionGuid = {B9D9F83C-B6F6-45B0-9B34-29739E58EA43}
	EndGlobalSection
EndGlobal
